hash: c4637b40b5baace58e5dd8c51efe213ca2fb31aa324f3985610d9a1275dd48dc
updated: 2017-05-09T12:30:42.357865532-07:00
imports:
- name: github.com/hashicorp/errwrap
  version: 7554cd9344cec97297fa6649b055a8c98c2a1e55
- name: github.com/hashicorp/go-multierror
  version: ed905158d87462226a13fe39ddf685ea65f1c11f
- name: github.com/pkg/errors
  version: 645ef00459ed84a119197bfb8d8205042c6df63d
testImports: []
